
Microsoft Visual Studio Solution File, Format Version 12.00
# Visual Studio Version 17
VisualStudioVersion = 17.5.002.0
MinimumVisualStudioVersion = 10.0.40219.1
Project("{9A19103F-16F7-4668-BE54-9A1E7A4F7556}") = "grupoaApi", "grupoaApi\grupoaApi.csproj", "{AEF138F2-21E0-41FE-9B85-FB5A91BD7E65}"
EndProject
Global
	GlobalSection(SolutionConfigurationPlatforms) = preSolution
		Debug|Any CPU = Debug|Any CPU
		Release|Any CPU = Release|Any CPU
	EndGlobalSection
	GlobalSection(ProjectConfigurationPlatforms) = postSolution
		{AEF138F2-21E0-41FE-9B85-FB5A91BD7E65}.Debug|Any CPU.ActiveCfg = Debug|Any CPU
		{AEF138F2-21E0-41FE-9B85-FB5A91BD7E65}.Debug|Any CPU.Build.0 = Debug|Any CPU
		{AEF138F2-21E0-41FE-9B85-FB5A91BD7E65}.Release|Any CPU.ActiveCfg = Release|Any CPU
		{AEF138F2-21E0-41FE-9B85-FB5A91BD7E65}.Release|Any CPU.Build.0 = Release|Any CPU
	EndGlobalSection
	GlobalSection(SolutionProperties) = preSolution
		HideSolutionNode = FALSE
	EndGlobalSection
	GlobalSection(ExtensibilityGlobals) = postSolution
		SolutionGuid = {FCE3FF82-B6F2-4C6F-9421-4664B3FDC2E4}
	EndGlobalSection
EndGlobal
